// !$*UTF8*$!
{
	archiveVersion = 1;
	classes = {
	};
	objectVersion = 46;
	objects = {

/* Begin PBXBuildFile section */
		11F1B048952B0BA104191E0D /* libPods-MagicalRecord.a in Frameworks */ = {isa = PBXBuildFile; fileRef = 1C6DDA8A75CD6188FCD2348A /* libPods-MagicalRecord.a */; };
		FF5FCCC31C62DCD0006F3A6A /* AppDelegate.swift in Sources */ = {isa = PBXBuildFile; fileRef = FF5FCCC21C62DCD0006F3A6A /* AppDelegate.swift */; };
		FF5FCCC51C62DCD0006F3A6A /* ViewController.swift in Sources */ = {isa = PBXBuildFile; fileRef = FF5FCCC41C62DCD0006F3A6A /* ViewController.swift */; };
		FF5FCCC81C62DCD0006F3A6A /* Main.storyboard in Resources */ = {isa = PBXBuildFile; fileRef = FF5FCCC61C62DCD0006F3A6A /* Main.storyboard */; };
		FF5FCCCB1C62DCD0006F3A6A /* MagicalRecord.xcdatamodeld in Sources */ = {isa = PBXBuildFile; fileRef = FF5FCCC91C62DCD0006F3A6A /* MagicalRecord.xcdatamodeld */; };
		FF5FCCCD1C62DCD0006F3A6A /* Assets.xcassets in Resources */ = {isa = PBXBuildFile; fileRef = FF5FCCCC1C62DCD0006F3A6A /* Assets.xcassets */; };
		FF5FCCD01C62DCD0006F3A6A /* LaunchScreen.storyboard in Resources */ = {isa = PBXBuildFile; fileRef = FF5FCCCE1C62DCD0006F3A6A /* LaunchScreen.storyboard */; };
		FFDCA2C81C62E87F00A50A2B /* VideoEntity+CoreDataProperties.swift in Sources */ = {isa = PBXBuildFile; fileRef = FFDCA2C61C62E87F00A50A2B /* VideoEntity+CoreDataProperties.swift */; };
		FFDCA2C91C62E87F00A50A2B /* VideoEntity.swift in Sources */ = {isa = PBXBuildFile; fileRef = FFDCA2C71C62E87F00A50A2B /* VideoEntity.swift */; };
		FFDCA2CB1C62E8C500A50A2B /* Video.swift in Sources */ = {isa = PBXBuildFile; fileRef = FFDCA2CA1C62E8C500A50A2B /* Video.swift */; };
		FFDCA2CF1C63063E00A50A2B /* AppSetting.swift in Sources */ = {isa = PBXBuildFile; fileRef = FFDCA2CE1C63063E00A50A2B /* AppSetting.swift */; };
/* End PBXBuildFile section */

/* Begin PBXFileReference section */
		1C6DDA8A75CD6188FCD2348A /* libPods-MagicalRecord.a */ = {isa = PBXFileReference; explicitFileType = archive.ar; includeInIndex = 0; path = "libPods-MagicalRecord.a"; sourceTree = BUILT_PRODUCTS_DIR; };
		8CD1C9DD060D0A2E294591E5 /* Pods-MagicalRecord.release.xcconfig */ = {isa = PBXFileReference; includeInIndex = 1; lastKnownFileType = text.xcconfig; name = "Pods-MagicalRecord.release.xcconfig"; path = "Pods/Target Support Files/Pods-MagicalRecord/Pods-MagicalRecord.release.xcconfig"; sourceTree = "<group>"; };
		8E0185924BD4E6E69CDB9DF6 /* Pods-MagicalRecord.debug.xcconfig */ = {isa = PBXFileReference; includeInIndex = 1; lastKnownFileType = text.xcconfig; name = "Pods-MagicalRecord.debug.xcconfig"; path = "Pods/Target Support Files/Pods-MagicalRecord/Pods-MagicalRecord.debug.xcconfig"; sourceTree = "<group>"; };
		FF5FCCBF1C62DCD0006F3A6A /* MagicalRecord.app */ = {isa = PBXFileReference; explicitFileType = wrapper.application; includeInIndex = 0; path = MagicalRecord.app; sourceTree = BUILT_PRODUCTS_DIR; };
		FF5FCCC21C62DCD0006F3A6A /* AppDelegate.swift */ = {isa = PBXFileReference; lastKnownFileType = sourcecode.swift; path = AppDelegate.swift; sourceTree = "<group>"; };
		FF5FCCC41C62DCD0006F3A6A /* ViewController.swift */ = {isa = PBXFileReference; lastKnownFileType = sourcecode.swift; path = ViewController.swift; sourceTree = "<group>"; };
		FF5FCCC71C62DCD0006F3A6A /* Base */ = {isa = PBXFileReference; lastKnownFileType = file.storyboard; name = Base; path = Base.lproj/Main.storyboard; sourceTree = "<group>"; };
		FF5FCCCA1C62DCD0006F3A6A /* MagicalRecord.xcdatamodel */ = {isa = PBXFileReference; lastKnownFileType = wrapper.xcdatamodel; path = MagicalRecord.xcdatamodel; sourceTree = "<group>"; };
		FF5FCCCC1C62DCD0006F3A6A /* Assets.xcassets */ = {isa = PBXFileReference; lastKnownFileType = folder.assetcatalog; path = Assets.xcassets; sourceTree = "<group>"; };
		FF5FCCCF1C62DCD0006F3A6A /* Base */ = {isa = PBXFileReference; lastKnownFileType = file.storyboard; name = Base; path = Base.lproj/LaunchScreen.storyboard; sourceTree = "<group>"; };
		FF5FCCD11C62DCD0006F3A6A /* Info.plist */ = {isa = PBXFileReference; lastKnownFileType = text.plist.xml; path = Info.plist; sourceTree = "<group>"; };
		FFDCA2C51C62E4AE00A50A2B /* MagicalRecord-Bridging-Header.h */ = {isa = PBXFileReference; fileEncoding = 4; lastKnownFileType = sourcecode.c.h; path = "MagicalRecord-Bridging-Header.h"; sourceTree = "<group>"; };
		FFDCA2C61C62E87F00A50A2B /* VideoEntity+CoreDataProperties.swift */ = {isa = PBXFileReference; fileEncoding = 4; lastKnownFileType = sourcecode.swift; path = "VideoEntity+CoreDataProperties.swift"; sourceTree = "<group>"; };
		FFDCA2C71C62E87F00A50A2B /* VideoEntity.swift */ = {isa = PBXFileReference; fileEncoding = 4; lastKnownFileType = sourcecode.swift; path = VideoEntity.swift; sourceTree = "<group>"; };
		FFDCA2CA1C62E8C500A50A2B /* Video.swift */ = {isa = PBXFileReference; fileEncoding = 4; lastKnownFileType = sourcecode.swift; path = Video.swift; sourceTree = "<group>"; };
		FFDCA2CE1C63063E00A50A2B /* AppSetting.swift */ = {isa = PBXFileReference; fileEncoding = 4; lastKnownFileType = sourcecode.swift; name = AppSetting.swift; path = ../../MTLib/AppSetting.swift; sourceTree = "<group>"; };
/* End PBXFileReference section */

/* Begin PBXFrameworksBuildPhase section */
		FF5FCCBC1C62DCD0006F3A6A /* Frameworks */ = {
			isa = PBXFrameworksBuildPhase;
			buildActionMask = 2147483647;
			files = (
				11F1B048952B0BA104191E0D /* libPods-MagicalRecord.a in Frameworks */,
			);
			runOnlyForDeploymentPostprocessing = 0;
		};
/* End PBXFrameworksBuildPhase section */

/* Begin PBXGroup section */
		2F63224BA45B32C10A022BEB /* Pods */ = {
			isa = PBXGroup;
			children = (
				8E0185924BD4E6E69CDB9DF6 /* Pods-MagicalRecord.debug.xcconfig */,
				8CD1C9DD060D0A2E294591E5 /* Pods-MagicalRecord.release.xcconfig */,
			);
			name = Pods;
			sourceTree = "<group>";
		};
		76417FE6321FD5416321371F /* Frameworks */ = {
			isa = PBXGroup;
			children = (
				1C6DDA8A75CD6188FCD2348A /* libPods-MagicalRecord.a */,
			);
			name = Frameworks;
			sourceTree = "<group>";
		};
		FF5FCCB61C62DCD0006F3A6A = {
			isa = PBXGroup;
			children = (
				FF5FCCC11C62DCD0006F3A6A /* MagicalRecord */,
				FF5FCCC01C62DCD0006F3A6A /* Products */,
				2F63224BA45B32C10A022BEB /* Pods */,
				76417FE6321FD5416321371F /* Frameworks */,
			);
			sourceTree = "<group>";
		};
		FF5FCCC01C62DCD0006F3A6A /* Products */ = {
			isa = PBXGroup;
			children = (
				FF5FCCBF1C62DCD0006F3A6A /* MagicalRecord.app */,
			);
			name = Products;
			sourceTree = "<group>";
		};
		FF5FCCC11C62DCD0006F3A6A /* MagicalRecord */ = {
			isa = PBXGroup;
			children = (
				FF5FCCC21C62DCD0006F3A6A /* AppDelegate.swift */,
				FF5FCCC41C62DCD0006F3A6A /* ViewController.swift */,
				FFDCA2C61C62E87F00A50A2B /* VideoEntity+CoreDataProperties.swift */,
				FFDCA2C71C62E87F00A50A2B /* VideoEntity.swift */,
				FFDCA2CA1C62E8C500A50A2B /* Video.swift */,
				FFDCA2CE1C63063E00A50A2B /* AppSetting.swift */,
				FF5FCCC61C62DCD0006F3A6A /* Main.storyboard */,
				FFDCA2C51C62E4AE00A50A2B /* MagicalRecord-Bridging-Header.h */,
				FF5FCCCC1C62DCD0006F3A6A /* Assets.xcassets */,
				FF5FCCCE1C62DCD0006F3A6A /* LaunchScreen.storyboard */,
				FF5FCCD11C62DCD0006F3A6A /* Info.plist */,
				FF5FCCC91C62DCD0006F3A6A /* MagicalRecord.xcdatamodeld */,
			);
			path = MagicalRecord;
			sourceTree = "<group>";
		};
/* End PBXGroup section */

/* Begin PBXNativeTarget section */
		FF5FCCBE1C62DCD0006F3A6A /* MagicalRecord */ = {
			isa = PBXNativeTarget;
			buildConfigurationList = FF5FCCD41C62DCD0006F3A6A /* Build configuration list for PBXNativeTarget "MagicalRecord" */;
			buildPhases = (
				13D3C56F72FF31CAA6A26747 /* Check Pods Manifest.lock */,
				FF5FCCBB1C62DCD0006F3A6A /* Sources */,
				FF5FCCBC1C62DCD0006F3A6A /* Frameworks */,
				FF5FCCBD1C62DCD0006F3A6A /* Resources */,
				8D31E273C19A9C49A485DA96 /* Embed Pods Frameworks */,
				E77DE0DF9785E43187E96F9F /* Copy Pods Resources */,
			);
			buildRules = (
			);
			dependencies = (
			);
			name = MagicalRecord;
			productName = MagicalRecord;
			productReference = FF5FCCBF1C62DCD0006F3A6A /* MagicalRecord.app */;
			productType = "com.apple.product-type.application";
		};
/* End PBXNativeTarget section */

/* Begin PBXProject section */
		FF5FCCB71C62DCD0006F3A6A /* Project object */ = {
			isa = PBXProject;
			attributes = {
				LastSwiftUpdateCheck = 0720;
				LastUpgradeCheck = 0720;
				ORGANIZATIONNAME = "Trương Thắng";
				TargetAttributes = {
					FF5FCCBE1C62DCD0006F3A6A = {
						CreatedOnToolsVersion = 7.2;
					};
				};
			};
			buildConfigurationList = FF5FCCBA1C62DCD0006F3A6A /* Build configuration list for PBXProject "MagicalRecord" */;
			compatibilityVersion = "Xcode 3.2";
			developmentRegion = English;
			hasScannedForEncodings = 0;
			knownRegions = (
				en,
				Base,
			);
			mainGroup = FF5FCCB61C62DCD0006F3A6A;
			productRefGroup = FF5FCCC01C62DCD0006F3A6A /* Products */;
			projectDirPath = "";
			projectRoot = "";
			targets = (
				FF5FCCBE1C62DCD0006F3A6A /* MagicalRecord */,
			);
		};
/* End PBXProject section */

/* Begin PBXResourcesBuildPhase section */
		FF5FCCBD1C62DCD0006F3A6A /* Resources */ = {
			isa = PBXResourcesBuildPhase;
			buildActionMask = 2147483647;
			files = (
				FF5FCCD01C62DCD0006F3A6A /* LaunchScreen.storyboard in Resources */,
				FF5FCCCD1C62DCD0006F3A6A /* Assets.xcassets in Resources */,
				FF5FCCC81C62DCD0006F3A6A /* Main.storyboard in Resources */,
			);
			runOnlyForDeploymentPostprocessing = 0;
		};
/* End PBXResourcesBuildPhase section */

/* Begin PBXShellScriptBuildPhase section */
		13D3C56F72FF31CAA6A26747 /* Check Pods Manifest.lock */ = {
			isa = PBXShellScriptBuildPhase;
			buildActionMask = 2147483647;
			files = (
			);
			inputPaths = (
			);
			name = "Check Pods Manifest.lock";
			outputPaths = (
			);
			runOnlyForDeploymentPostprocessing = 0;
			shellPath = /bin/sh;
			shellScript = "diff \"${PODS_ROOT}/../Podfile.lock\" \"${PODS_ROOT}/Manifest.lock\" > /dev/null\nif [[ $? != 0 ]] ; then\n    cat << EOM\nerror: The sandbox is not in sync with the Podfile.lock. Run 'pod install' or update your CocoaPods installation.\nEOM\n    exit 1\nfi\n";
			showEnvVarsInLog = 0;
		};
		8D31E273C19A9C49A485DA96 /* Embed Pods Frameworks */ = {
			isa = PBXShellScriptBuildPhase;
			buildActionMask = 2147483647;
			files = (
			);
			inputPaths = (
			);
			name = "Embed Pods Frameworks";
			outputPaths = (
			);
			runOnlyForDeploymentPostprocessing = 0;
			shellPath = /bin/sh;
			shellScript = "\"${SRCROOT}/Pods/Target Support Files/Pods-MagicalRecord/Pods-MagicalRecord-frameworks.sh\"\n";
			showEnvVarsInLog = 0;
		};
		E77DE0DF9785E43187E96F9F /* Copy Pods Resources */ = {
			isa = PBXShellScriptBuildPhase;
			buildActionMask = 2147483647;
			files = (
			);
			inputPaths = (
			);
			name = "Copy Pods Resources";
			outputPaths = (
			);
			runOnlyForDeploymentPostprocessing = 0;
			shellPath = /bin/sh;
			shellScript = "\"${SRCROOT}/Pods/Target Support Files/Pods-MagicalRecord/Pods-MagicalRecord-resources.sh\"\n";
			showEnvVarsInLog = 0;
		};
/* End PBXShellScriptBuildPhase section */

/* Begin PBXSourcesBuildPhase section */
		FF5FCCBB1C62DCD0006F3A6A /* Sources */ = {
			isa = PBXSourcesBuildPhase;
			buildActionMask = 2147483647;
			files = (
				FF5FCCC51C62DCD0006F3A6A /* ViewController.swift in Sources */,
				FFDCA2CB1C62E8C500A50A2B /* Video.swift in Sources */,
				FFDCA2CF1C63063E00A50A2B /* AppSetting.swift in Sources */,
				FF5FCCC31C62DCD0006F3A6A /* AppDelegate.swift in Sources */,
				FFDCA2C81C62E87F00A50A2B /* VideoEntity+CoreDataProperties.swift in Sources */,
				FF5FCCCB1C62DCD0006F3A6A /* MagicalRecord.xcdatamodeld in Sources */,
				FFDCA2C91C62E87F00A50A2B /* VideoEntity.swift in Sources */,
			);
			runOnlyForDeploymentPostprocessing = 0;
		};
/* End PBXSourcesBuildPhase section */

/* Begin PBXVariantGroup section */
		FF5FCCC61C62DCD0006F3A6A /* Main.storyboard */ = {
			isa = PBXVariantGroup;
			children = (
				FF5FCCC71C62DCD0006F3A6A /* Base */,
			);
			name = Main.storyboard;
			sourceTree = "<group>";
		};
		FF5FCCCE1C62DCD0006F3A6A /* LaunchScreen.storyboard */ = {
			isa = PBXVariantGroup;
			children = (
				FF5FCCCF1C62DCD0006F3A6A /* Base */,
			);
			name = LaunchScreen.storyboard;
			sourceTree = "<group>";
		};
/* End PBXVariantGroup section */

/* Begin XCBuildConfiguration section */
		FF5FCCD21C62DCD0006F3A6A /* Debug */ = {
			isa = XCBuildConfiguration;
			buildSettings = {
				ALWAYS_SEARCH_USER_PATHS = NO;
				CLANG_CXX_LANGUAGE_STANDARD = "gnu++0x";
				CLANG_CXX_LIBRARY = "libc++";
				CLANG_ENABLE_MODULES = YES;
				CLANG_ENABLE_OBJC_ARC = YES;
				CLANG_WARN_BOOL_CONVERSION = YES;
				CLANG_WARN_CONSTANT_CONVERSION = YES;
				CLANG_WARN_DIRECT_OBJC_ISA_USAGE = YES_ERROR;
				CLANG_WARN_EMPTY_BODY = YES;
				CLANG_WARN_ENUM_CONVERSION = YES;
				CLANG_WARN_INT_CONVERSION = YES;
				CLANG_WARN_OBJC_ROOT_CLASS = YES_ERROR;
				CLANG_WARN_UNREACHABLE_CODE = YES;
				CLANG_WARN__DUPLICATE_METHOD_MATCH = YES;
				"CODE_SIGN_IDENTITY[sdk=iphoneos*]" = "iPhone Developer";
				COPY_PHASE_STRIP = NO;
				DEBUG_INFORMATION_FORMAT = dwarf;
				ENABLE_STRICT_OBJC_MSGSEND = YES;
				ENABLE_TESTABILITY = YES;
				GCC_C_LANGUAGE_STANDARD = gnu99;
				GCC_DYNAMIC_NO_PIC = NO;
				GCC_NO_COMMON_BLOCKS = YES;
				GCC_OPTIMIZATION_LEVEL = 0;
				GCC_PREPROCESSOR_DEFINITIONS = (
					"DEBUG=1",
					"$(inherited)",
				);
				GCC_WARN_64_TO_32_BIT_CONVERSION = YES;
				GCC_WARN_ABOUT_RETURN_TYPE = YES_ERROR;
				GCC_WARN_UNDECLARED_SELECTOR = YES;
				GCC_WARN_UNINITIALIZED_AUTOS = YES_AGGRESSIVE;
				GCC_WARN_UNUSED_FUNCTION = YES;
				GCC_WARN_UNUSED_VARIABLE = YES;
				IPHONEOS_DEPLOYMENT_TARGET = 9.2;
				MTL_ENABLE_DEBUG_INFO = YES;
				ONLY_ACTIVE_ARCH = YES;
				SDKROOT = iphoneos;
				SWIFT_OPTIMIZATION_LEVEL = "-Onone";
			};
			name = Debug;
		};
		FF5FCCD31C62DCD0006F3A6A /* Release */ = {
			isa = XCBuildConfiguration;
			buildSettings = {
				ALWAYS_SEARCH_USER_PATHS = NO;
				CLANG_CXX_LANGUAGE_STANDARD = "gnu++0x";
				CLANG_CXX_LIBRARY = "libc++";
				CLANG_ENABLE_MODULES = YES;
				CLANG_ENABLE_OBJC_ARC = YES;
				CLANG_WARN_BOOL_CONVERSION = YES;
				CLANG_WARN_CONSTANT_CONVERSION = YES;
				CLANG_WARN_DIRECT_OBJC_ISA_USAGE = YES_ERROR;
				CLANG_WARN_EMPTY_BODY = YES;
				CLANG_WARN_ENUM_CONVERSION = YES;
				CLANG_WARN_INT_CONVERSION = YES;
				CLANG_WARN_OBJC_ROOT_CLASS = YES_ERROR;
				CLANG_WARN_UNREACHABLE_CODE = YES;
				CLANG_WARN__DUPLICATE_METHOD_MATCH = YES;
				"CODE_SIGN_IDENTITY[sdk=iphoneos*]" = "iPhone Developer";
				COPY_PHASE_STRIP = NO;
				DEBUG_INFORMATION_FORMAT = "dwarf-with-dsym";
				ENABLE_NS_ASSERTIONS = NO;
				ENABLE_STRICT_OBJC_MSGSEND = YES;
				GCC_C_LANGUAGE_STANDARD = gnu99;
				GCC_NO_COMMON_BLOCKS = YES;
				GCC_WARN_64_TO_32_BIT_CONVERSION = YES;
				GCC_WARN_ABOUT_RETURN_TYPE = YES_ERROR;
				GCC_WARN_UNDECLARED_SELECTOR = YES;
				GCC_WARN_UNINITIALIZED_AUTOS = YES_AGGRESSIVE;
				GCC_WARN_UNUSED_FUNCTION = YES;
				GCC_WARN_UNUSED_VARIABLE = YES;
				IPHONEOS_DEPLOYMENT_TARGET = 9.2;
				MTL_ENABLE_DEBUG_INFO = NO;
				SDKROOT = iphoneos;
				VALIDATE_PRODUCT = YES;
			};
			name = Release;
		};
		FF5FCCD51C62DCD0006F3A6A /* Debug */ = {
			isa = XCBuildConfiguration;
			baseConfigurationReference = 8E0185924BD4E6E69CDB9DF6 /* Pods-MagicalRecord.debug.xcconfig */;
			buildSettings = {
				ASSETCATALOG_COMPILER_APPICON_NAME = AppIcon;
				GCC_INCREASE_PRECOMPILED_HEADER_SHARING = NO;
				GCC_PRECOMPILE_PREFIX_HEADER = NO;
				GCC_PREFIX_HEADER = "";
				INFOPLIST_FILE = MagicalRecord/Info.plist;
				LD_RUNPATH_SEARCH_PATHS = "$(inherited) @executable_path/Frameworks";
				PRODUCT_BUNDLE_IDENTIFIER = truongThang.MagicalRecord;
				PRODUCT_NAME = "$(TARGET_NAME)";
				SWIFT_OBJC_BRIDGING_HEADER = "MagicalRecord/MagicalRecord-Bridging-Header.h";
			};
			name = Debug;
		};
		FF5FCCD61C62DCD0006F3A6A /* Release */ = {
			isa = XCBuildConfiguration;
			baseConfigurationReference = 8CD1C9DD060D0A2E294591E5 /* Pods-MagicalRecord.release.xcconfig */;
			buildSettings = {
				ASSETCATALOG_COMPILER_APPICON_NAME = AppIcon;
				GCC_INCREASE_PRECOMPILED_HEADER_SHARING = NO;
				GCC_PRECOMPILE_PREFIX_HEADER = NO;
				GCC_PREFIX_HEADER = "";
				INFOPLIST_FILE = MagicalRecord/Info.plist;
				LD_RUNPATH_SEARCH_PATHS = "$(inherited) @executable_path/Frameworks";
				PRODUCT_BUNDLE_IDENTIFIER = truongThang.MagicalRecord;
				PRODUCT_NAME = "$(TARGET_NAME)";
				SWIFT_OBJC_BRIDGING_HEADER = "MagicalRecord/MagicalRecord-Bridging-Header.h";
			};
			name = Release;
		};
/* End XCBuildConfiguration section */

/* Begin XCConfigurationList section */
		FF5FCCBA1C62DCD0006F3A6A /* Build configuration list for PBXProject "MagicalRecord" */ = {
			isa = XCConfigurationList;
			buildConfigurations = (
				FF5FCCD21C62DCD0006F3A6A /* Debug */,
				FF5FCCD31C62DCD0006F3A6A /* Release */,
			);
			defaultConfigurationIsVisible = 0;
			defaultConfigurationName = Release;
		};
		FF5FCCD41C62DCD0006F3A6A /* Build configuration list for PBXNativeTarget "MagicalRecord" */ = {
			isa = XCConfigurationList;
			buildConfigurations = (
				FF5FCCD51C62DCD0006F3A6A /* Debug */,
				FF5FCCD61C62DCD0006F3A6A /* Release */,
			);
			defaultConfigurationIsVisible = 0;
			defaultConfigurationName = Release;
		};
/* End XCConfigurationList section */

/* Begin XCVersionGroup section */
		FF5FCCC91C62DCD0006F3A6A /* MagicalRecord.xcdatamodeld */ = {
			isa = XCVersionGroup;
			children = (
				FF5FCCCA1C62DCD0006F3A6A /* MagicalRecord.xcdatamodel */,
			);
			currentVersion = FF5FCCCA1C62DCD0006F3A6A /* MagicalRecord.xcdatamodel */;
			path = MagicalRecord.xcdatamodeld;
			sourceTree = "<group>";
			versionGroupType = wrapper.xcdatamodel;
		};
/* End XCVersionGroup section */
	};
	rootObject = FF5FCCB71C62DCD0006F3A6A /* Project object */;
}
